
Microsoft Visual Studio Solution File, Format Version 12.00
# Visual Studio 15
Project("{FAE04EC0-301F-11D3-BF4B-00C04F79EFBC}") = "Through data", "Through data.csproj", "{82EE7F24-EFAD-757E-30B1-D78E863F070E}"
EndProject
Global
	GlobalSection(SolutionConfigurationPlatforms) = preSolution
		Debug|Any CPU = Debug|Any CPU
		Release|Any CPU = Release|Any CPU
	EndGlobalSection
	GlobalSection(ProjectConfigurationPlatforms) = postSolution
		{82EE7F24-EFAD-757E-30B1-D78E863F070E}.Debug|Any CPU.ActiveCfg = Debug|Any CPU
		{82EE7F24-EFAD-757E-30B1-D78E863F070E}.Debug|Any CPU.Build.0 = Debug|Any CPU
		{82EE7F24-EFAD-757E-30B1-D78E863F070E}.Release|Any CPU.ActiveCfg = Release|Any CPU
		{82EE7F24-EFAD-757E-30B1-D78E863F070E}.Release|Any CPU.Build.0 = Release|Any CPU
	EndGlobalSection
	GlobalSection(SolutionProperties) = preSolution
		HideSolutionNode = FALSE
	EndGlobalSection
EndGlobal
